{
  "name": "contract",
  "version": "1.0.0",
  "lockfileVersion": 1,
  "requires": true,
  "dependencies": {
    "@openzeppelin/contracts": {
      "version": "4.4.0",
      "resolved": "https://registry.npmjs.org/@openzeppelin/contracts/-/contracts-4.4.0.tgz",
      "integrity": "sha512-dlKiZmDvJnGRLHojrDoFZJmsQVeltVeoiRN7RK+cf2FmkhASDEblE0RiaYdxPNsUZa6mRG8393b9bfyp+V5IAw=="
    },
    "axios": {
      "version": "0.21.4",
      "resolved": "https://registry.npmjs.org/axios/-/axios-0.21.4.tgz",
      "integrity": "sha512-ut5vewkiu8jjGBdqpM44XxjuCjq9LAKeHVmoVfHVzy8eHgxxq8SbAVQNovDA8mVi05kP0Ea/n/UzcSHcTJQfNg==",
      "requires": {
        "follow-redirects": "^1.14.0"
      }
    },
    "circular": {
      "version": "1.0.5",
      "resolved": "https://registry.npmjs.org/circular/-/circular-1.0.5.tgz",
      "integrity": "sha1-fad6+Yu96c5LWzWM1Va13e0tMUk="
    },
    "cli-logger": {
      "version": "0.5.40",
      "resolved": "https://registry.npmjs.org/cli-logger/-/cli-logger-0.5.40.tgz",
      "integrity": "sha1-CX8OEbByx8aYomxH9YiinCC0iws=",
      "requires": {
        "circular": "^1.0.5",
        "cli-util": "~1.1.27"
      }
    },
    "cli-regexp": {
      "version": "0.1.2",
      "resolved": "https://registry.npmjs.org/cli-regexp/-/cli-regexp-0.1.2.tgz",
      "integrity": "sha1-a82TsJ+y7RAl0woRVdWZeVSlNRI="
    },
    "cli-util": {
      "version": "1.1.27",
      "resolved": "https://registry.npmjs.org/cli-util/-/cli-util-1.1.27.tgz",
      "integrity": "sha1-QtaeNqBAoyH8nPhRwVE8rcUJMFQ=",
      "requires": {
        "cli-regexp": "~0.1.0"
      }
    },
    "delay": {
      "version": "5.0.0",
      "resolved": "https://registry.npmjs.org/delay/-/delay-5.0.0.tgz",
      "integrity": "sha512-ReEBKkIfe4ya47wlPYf/gu5ib6yUG0/Aez0JQZQz94kiWtRQvZIQbTiehsnwHvLSWJnQdhVeqYue7Id1dKr0qw=="
    },
    "dotenv": {
      "version": "10.0.0",
      "resolved": "https://registry.npmjs.org/dotenv/-/dotenv-10.0.0.tgz",
      "integrity": "sha512-rlBi9d8jpv9Sf1klPjNfFAuWDjKLwTIJJ/VxtoTwIR6hnZxcEOQCZg2oIL3MWBYw5GpUDKOEnND7LXTbIpQ03Q=="
    },
    "follow-redirects": {
      "version": "1.14.6",
      "resolved": "https://registry.npmjs.org/follow-redirects/-/follow-redirects-1.14.6.tgz",
      "integrity": "sha512-fhUl5EwSJbbl8AR+uYL2KQDxLkdSjZGR36xy46AO7cOMTrCMON6Sa28FmAnC2tRTDbd/Uuzz3aJBv7EBN7JH8A=="
    },
    "querystring": {
      "version": "0.2.1",
      "resolved": "https://registry.npmjs.org/querystring/-/querystring-0.2.1.tgz",
      "integrity": "sha512-wkvS7mL/JMugcup3/rMitHmd9ecIGd2lhFhK9N3UUQ450h66d1r3Y9nvXzQAW1Lq+wyx61k/1pfKS5KuKiyEbg=="
    },
    "truffle-plugin-verify": {
      "version": "0.5.19",
      "resolved": "https://registry.npmjs.org/truffle-plugin-verify/-/truffle-plugin-verify-0.5.19.tgz",
      "integrity": "sha512-Gh9sQc36ZuyiLxBIAswt123CZIJ+/Ip82P9X0WGITgfRAOzPLMIDoH3FnyRzuxJ5YHgS8S9xufUL1ldDl5I7Sg==",
      "requires": {
        "axios": "^0.21.1",
        "cli-logger": "^0.5.40",
        "delay": "^5.0.0",
        "querystring": "^0.2.1"
      }
    }
  }
}
